
Microsoft Visual Studio Solution File, Format Version 12.00
# Visual Studio 15
VisualStudioVersion = 15.0.28307.329
MinimumVisualStudioVersion = 10.0.40219.1
Project("{FAE04EC0-301F-11D3-BF4B-00C04F79EFBC}") = "V8.Net-Console", "Tests\V8.NET-Console\V8.Net-Console.csproj", "{33E19C30-D103-45B3-8A89-5986F195F605}"
EndProject
Project("{FAE04EC0-301F-11D3-BF4B-00C04F79EFBC}") = "V8.Net", "Source\V8.Net\V8.Net.csproj", "{8D612C41-7D95-499C-A82D-C5C3C82225B3}"
	ProjectSection(ProjectDependencies) = postProject
		{8BFB50C4-51E7-4DA4-873B-B79F123A9723} = {8BFB50C4-51E7-4DA4-873B-B79F123A9723}
		{0B7EC0CC-5AD6-47CA-9FE1-37E612FFE25D} = {0B7EC0CC-5AD6-47CA-9FE1-37E612FFE25D}
	EndProjectSection
EndProject
Project("{8BC9CEB8-8B4A-11D0-8D11-00A0C91BC942}") = "V8.Net-Proxy-x86", "Source\V8.NET-Proxy\V8.Net-Proxy-x86.vcxproj", "{8BFB50C4-51E7-4DA4-873B-B79F123A9723}"
EndProject
Project("{8BC9CEB8-8B4A-11D0-8D11-00A0C91BC942}") = "V8.Net-Proxy-x64", "Source\V8.NET-Proxy\V8.Net-Proxy-x64.vcxproj", "{0B7EC0CC-5AD6-47CA-9FE1-37E612FFE25D}"
EndProject
Project("{2150E333-8FDC-42A3-9474-1A3956D46DE8}") = ".NET 4.0", ".NET 4.0", "{4CC56C49-DA3A-444E-B051-D1ECC8B51D7D}"
	ProjectSection(SolutionItems) = preProject
		Source\V8.NET-Proxy\V8\V8Update.cmd = Source\V8.NET-Proxy\V8\V8Update.cmd
	EndProjectSection
EndProject
Project("{2150E333-8FDC-42A3-9474-1A3956D46DE8}") = "Test Projects", "Test Projects", "{677064CB-0ED0-4758-AEEF-73CEEFD3030B}"
EndProject
Project("{FAE04EC0-301F-11D3-BF4B-00C04F79EFBC}") = "WCFServiceTest", "Tests\WCFServiceTest\WCFServiceTest.csproj", "{11A56A52-DC70-41E2-8607-3993B9836AAB}"
	ProjectSection(ProjectDependencies) = postProject
		{8D612C41-7D95-499C-A82D-C5C3C82225B3} = {8D612C41-7D95-499C-A82D-C5C3C82225B3}
		{8BFB50C4-51E7-4DA4-873B-B79F123A9723} = {8BFB50C4-51E7-4DA4-873B-B79F123A9723}
		{0B7EC0CC-5AD6-47CA-9FE1-37E612FFE25D} = {0B7EC0CC-5AD6-47CA-9FE1-37E612FFE25D}
	EndProjectSection
EndProject
Project("{FAE04EC0-301F-11D3-BF4B-00C04F79EFBC}") = "ASPNetTest", "Tests\ASPNetTest\ASPNetTest.csproj", "{A5F5584E-F9A5-49A1-A068-F3452E8926DE}"
	ProjectSection(ProjectDependencies) = postProject
		{8D612C41-7D95-499C-A82D-C5C3C82225B3} = {8D612C41-7D95-499C-A82D-C5C3C82225B3}
		{8BFB50C4-51E7-4DA4-873B-B79F123A9723} = {8BFB50C4-51E7-4DA4-873B-B79F123A9723}
		{0B7EC0CC-5AD6-47CA-9FE1-37E612FFE25D} = {0B7EC0CC-5AD6-47CA-9FE1-37E612FFE25D}
	EndProjectSection
EndProject
Project("{2150E333-8FDC-42A3-9474-1A3956D46DE8}") = "Web", "Web", "{5123B905-C896-4A1D-BA0E-0C31694E8179}"
EndProject
Project("{2150E333-8FDC-42A3-9474-1A3956D46DE8}") = "Desktop", "Desktop", "{E1EE6B1C-CBBE-48C8-AD7F-2F402EF9C32D}"
EndProject
Project("{FAE04EC0-301F-11D3-BF4B-00C04F79EFBC}") = "V8.NET-Console-ObjectExamples", "Tests\V8.NET-Console-ObjectExamples\V8.NET-Console-ObjectExamples.csproj", "{6B5492AB-611F-4DED-84D1-5A67981B5A38}"
EndProject
Project("{FAE04EC0-301F-11D3-BF4B-00C04F79EFBC}") = "V8.NET-Console-HandleTests", "Tests\V8.NET-Console-HandleTests\V8.NET-Console-HandleTests.csproj", "{9298F6AD-5E2B-42F5-930C-8BCD06B99FD2}"
	ProjectSection(ProjectDependencies) = postProject
		{8D612C41-7D95-499C-A82D-C5C3C82225B3} = {8D612C41-7D95-499C-A82D-C5C3C82225B3}
	EndProjectSection
EndProject
Project("{2150E333-8FDC-42A3-9474-1A3956D46DE8}") = "User", "User", "{D222B695-DC3F-425B-977B-45D00C98E9C7}"
EndProject
Project("{2150E333-8FDC-42A3-9474-1A3956D46DE8}") = ".NET Standard", ".NET Standard", "{C23849EB-8154-4226-BAF4-74215035CA31}"
	ProjectSection(SolutionItems) = preProject
		Source\PushPackage.cmd = Source\PushPackage.cmd
	EndProjectSection
EndProject
Project("{9A19103F-16F7-4668-BE54-9A1E7A4F7556}") = "V8.Net-Standard", "Source\V8.Net\V8.Net-Standard.csproj", "{91A99965-32A0-4B88-B001-B25FEBDCE8F5}"
	ProjectSection(ProjectDependencies) = postProject
		{8BFB50C4-51E7-4DA4-873B-B79F123A9723} = {8BFB50C4-51E7-4DA4-873B-B79F123A9723}
		{0B7EC0CC-5AD6-47CA-9FE1-37E612FFE25D} = {0B7EC0CC-5AD6-47CA-9FE1-37E612FFE25D}
	EndProjectSection
EndProject
Project("{9A19103F-16F7-4668-BE54-9A1E7A4F7556}") = "V8.NET-Console-NetCore", "Tests\V8.NET-Console-NetCore\V8.NET-Console-NetCore.csproj", "{32189CB3-1EC3-4E81-BC0B-05230A3735DE}"
EndProject
Project("{9A19103F-16F7-4668-BE54-9A1E7A4F7556}") = "V8.NET-Console-NetCore-NuGet", "Tests\V8.NET-Console-NetCore-NuGet\V8.NET-Console-NetCore-NuGet.csproj", "{753CDFA2-BAF6-4C1D-85F3-255900474B7E}"
EndProject
Global
	GlobalSection(SolutionConfigurationPlatforms) = preSolution
		Debug No Console|Any CPU = Debug No Console|Any CPU
		Debug No Console|Mixed Platforms = Debug No Console|Mixed Platforms
		Debug No Console|Win32 = Debug No Console|Win32
		Debug No Console|x64 = Debug No Console|x64
		Debug No Console|x86 = Debug No Console|x86
		Debug|Any CPU = Debug|Any CPU
		Debug|Mixed Platforms = Debug|Mixed Platforms
		Debug|Win32 = Debug|Win32
		Debug|x64 = Debug|x64
		Debug|x86 = Debug|x86
		Release|Any CPU = Release|Any CPU
		Release|Mixed Platforms = Release|Mixed Platforms
		Release|Win32 = Release|Win32
		Release|x64 = Release|x64
		Release|x86 = Release|x86
	EndGlobalSection
	GlobalSection(ProjectConfigurationPlatforms) = postSolution
		{33E19C30-D103-45B3-8A89-5986F195F605}.Debug No Console|Any CPU.ActiveCfg = Debug|Any CPU
		{33E19C30-D103-45B3-8A89-5986F195F605}.Debug No Console|Any CPU.Build.0 = Debug|Any CPU
		{33E19C30-D103-45B3-8A89-5986F195F605}.Debug No Console|Mixed Platforms.ActiveCfg = Debug|x86
		{33E19C30-D103-45B3-8A89-5986F195F605}.Debug No Console|Mixed Platforms.Build.0 = Debug|x86
		{33E19C30-D103-45B3-8A89-5986F195F605}.Debug No Console|Win32.ActiveCfg = Debug|x86
		{33E19C30-D103-45B3-8A89-5986F195F605}.Debug No Console|Win32.Build.0 = Debug|x86
		{33E19C30-D103-45B3-8A89-5986F195F605}.Debug No Console|x64.ActiveCfg = Debug|Any CPU
		{33E19C30-D103-45B3-8A89-5986F195F605}.Debug No Console|x86.ActiveCfg = Debug|x86
		{33E19C30-D103-45B3-8A89-5986F195F605}.Debug No Console|x86.Build.0 = Debug|x86
		{33E19C30-D103-45B3-8A89-5986F195F605}.Debug|Any CPU.ActiveCfg = Debug|Any CPU
		{33E19C30-D103-45B3-8A89-5986F195F605}.Debug|Any CPU.Build.0 = Debug|Any CPU
		{33E19C30-D103-45B3-8A89-5986F195F605}.Debug|Mixed Platforms.ActiveCfg = Debug|Any CPU
		{33E19C30-D103-45B3-8A89-5986F195F605}.Debug|Mixed Platforms.Build.0 = Debug|Any CPU
		{33E19C30-D103-45B3-8A89-5986F195F605}.Debug|Win32.ActiveCfg = Debug|x86
		{33E19C30-D103-45B3-8A89-5986F195F605}.Debug|Win32.Build.0 = Debug|x86
		{33E19C30-D103-45B3-8A89-5986F195F605}.Debug|x64.ActiveCfg = Debug|Any CPU
		{33E19C30-D103-45B3-8A89-5986F195F605}.Debug|x64.Build.0 = Debug|Any CPU
		{33E19C30-D103-45B3-8A89-5986F195F605}.Debug|x86.ActiveCfg = Debug|Any CPU
		{33E19C30-D103-45B3-8A89-5986F195F605}.Debug|x86.Build.0 = Debug|Any CPU
		{33E19C30-D103-45B3-8A89-5986F195F605}.Release|Any CPU.ActiveCfg = Release|Any CPU
		{33E19C30-D103-45B3-8A89-5986F195F605}.Release|Any CPU.Build.0 = Release|Any CPU
		{33E19C30-D103-45B3-8A89-5986F195F605}.Release|Mixed Platforms.ActiveCfg = Release|Any CPU
		{33E19C30-D103-45B3-8A89-5986F195F605}.Release|Mixed Platforms.Build.0 = Release|Any CPU
		{33E19C30-D103-45B3-8A89-5986F195F605}.Release|Win32.ActiveCfg = Release|x86
		{33E19C30-D103-45B3-8A89-5986F195F605}.Release|Win32.Build.0 = Release|x86
		{33E19C30-D103-45B3-8A89-5986F195F605}.Release|x64.ActiveCfg = Release|Any CPU
		{33E19C30-D103-45B3-8A89-5986F195F605}.Release|x64.Build.0 = Release|Any CPU
		{33E19C30-D103-45B3-8A89-5986F195F605}.Release|x86.ActiveCfg = Release|x86
		{33E19C30-D103-45B3-8A89-5986F195F605}.Release|x86.Build.0 = Release|x86
		{8D612C41-7D95-499C-A82D-C5C3C82225B3}.Debug No Console|Any CPU.ActiveCfg = Debug|Any CPU
		{8D612C41-7D95-499C-A82D-C5C3C82225B3}.Debug No Console|Any CPU.Build.0 = Debug|Any CPU
		{8D612C41-7D95-499C-A82D-C5C3C82225B3}.Debug No Console|Mixed Platforms.ActiveCfg = Debug|x86
		{8D612C41-7D95-499C-A82D-C5C3C82225B3}.Debug No Console|Mixed Platforms.Build.0 = Debug|x86
		{8D612C41-7D95-499C-A82D-C5C3C82225B3}.Debug No Console|Win32.ActiveCfg = Debug|x86
		{8D612C41-7D95-499C-A82D-C5C3C82225B3}.Debug No Console|Win32.Build.0 = Debug|x86
		{8D612C41-7D95-499C-A82D-C5C3C82225B3}.Debug No Console|x64.ActiveCfg = Debug|Any CPU
		{8D612C41-7D95-499C-A82D-C5C3C82225B3}.Debug No Console|x86.ActiveCfg = Debug|x86
		{8D612C41-7D95-499C-A82D-C5C3C82225B3}.Debug No Console|x86.Build.0 = Debug|x86
		{8D612C41-7D95-499C-A82D-C5C3C82225B3}.Debug|Any CPU.ActiveCfg = Debug|Any CPU
		{8D612C41-7D95-499C-A82D-C5C3C82225B3}.Debug|Any CPU.Build.0 = Debug|Any CPU
		{8D612C41-7D95-499C-A82D-C5C3C82225B3}.Debug|Mixed Platforms.ActiveCfg = Debug|Any CPU
		{8D612C41-7D95-499C-A82D-C5C3C82225B3}.Debug|Mixed Platforms.Build.0 = Debug|Any CPU
		{8D612C41-7D95-499C-A82D-C5C3C82225B3}.Debug|Win32.ActiveCfg = Debug|x86
		{8D612C41-7D95-499C-A82D-C5C3C82225B3}.Debug|Win32.Build.0 = Debug|x86
		{8D612C41-7D95-499C-A82D-C5C3C82225B3}.Debug|x64.ActiveCfg = Debug|Any CPU
		{8D612C41-7D95-499C-A82D-C5C3C82225B3}.Debug|x64.Build.0 = Debug|Any CPU
		{8D612C41-7D95-499C-A82D-C5C3C82225B3}.Debug|x86.ActiveCfg = Debug|Any CPU
		{8D612C41-7D95-499C-A82D-C5C3C82225B3}.Debug|x86.Build.0 = Debug|Any CPU
		{8D612C41-7D95-499C-A82D-C5C3C82225B3}.Release|Any CPU.ActiveCfg = Release|Any CPU
		{8D612C41-7D95-499C-A82D-C5C3C82225B3}.Release|Any CPU.Build.0 = Release|Any CPU
		{8D612C41-7D95-499C-A82D-C5C3C82225B3}.Release|Mixed Platforms.ActiveCfg = Release|Any CPU
		{8D612C41-7D95-499C-A82D-C5C3C82225B3}.Release|Mixed Platforms.Build.0 = Release|Any CPU
		{8D612C41-7D95-499C-A82D-C5C3C82225B3}.Release|Win32.ActiveCfg = Release|x86
		{8D612C41-7D95-499C-A82D-C5C3C82225B3}.Release|Win32.Build.0 = Release|x86
		{8D612C41-7D95-499C-A82D-C5C3C82225B3}.Release|x64.ActiveCfg = Release|Any CPU
		{8D612C41-7D95-499C-A82D-C5C3C82225B3}.Release|x64.Build.0 = Release|Any CPU
		{8D612C41-7D95-499C-A82D-C5C3C82225B3}.Release|x86.ActiveCfg = Release|x86
		{8D612C41-7D95-499C-A82D-C5C3C82225B3}.Release|x86.Build.0 = Release|x86
		{8BFB50C4-51E7-4DA4-873B-B79F123A9723}.Debug No Console|Any CPU.ActiveCfg = Debug|Win32
		{8BFB50C4-51E7-4DA4-873B-B79F123A9723}.Debug No Console|Mixed Platforms.ActiveCfg = Debug|Win32
		{8BFB50C4-51E7-4DA4-873B-B79F123A9723}.Debug No Console|Mixed Platforms.Build.0 = Debug|Win32
		{8BFB50C4-51E7-4DA4-873B-B79F123A9723}.Debug No Console|Win32.ActiveCfg = Debug|Win32
		{8BFB50C4-51E7-4DA4-873B-B79F123A9723}.Debug No Console|Win32.Build.0 = Debug|Win32
		{8BFB50C4-51E7-4DA4-873B-B79F123A9723}.Debug No Console|x64.ActiveCfg = Debug|x64
		{8BFB50C4-51E7-4DA4-873B-B79F123A9723}.Debug No Console|x64.Build.0 = Debug|x64
		{8BFB50C4-51E7-4DA4-873B-B79F123A9723}.Debug No Console|x86.ActiveCfg = Debug|Win32
		{8BFB50C4-51E7-4DA4-873B-B79F123A9723}.Debug No Console|x86.Build.0 = Debug|Win32
		{8BFB50C4-51E7-4DA4-873B-B79F123A9723}.Debug|Any CPU.ActiveCfg = Debug|Win32
		{8BFB50C4-51E7-4DA4-873B-B79F123A9723}.Debug|Any CPU.Build.0 = Debug|Win32
		{8BFB50C4-51E7-4DA4-873B-B79F123A9723}.Debug|Mixed Platforms.ActiveCfg = Debug|Win32
		{8BFB50C4-51E7-4DA4-873B-B79F123A9723}.Debug|Mixed Platforms.Build.0 = Debug|Win32
		{8BFB50C4-51E7-4DA4-873B-B79F123A9723}.Debug|Win32.ActiveCfg = Debug|Win32
		{8BFB50C4-51E7-4DA4-873B-B79F123A9723}.Debug|Win32.Build.0 = Debug|Win32
		{8BFB50C4-51E7-4DA4-873B-B79F123A9723}.Debug|x64.ActiveCfg = Debug|Win32
		{8BFB50C4-51E7-4DA4-873B-B79F123A9723}.Debug|x64.Build.0 = Debug|Win32
		{8BFB50C4-51E7-4DA4-873B-B79F123A9723}.Debug|x86.ActiveCfg = Debug|Win32
		{8BFB50C4-51E7-4DA4-873B-B79F123A9723}.Debug|x86.Build.0 = Debug|Win32
		{8BFB50C4-51E7-4DA4-873B-B79F123A9723}.Release|Any CPU.ActiveCfg = Release|Win32
		{8BFB50C4-51E7-4DA4-873B-B79F123A9723}.Release|Any CPU.Build.0 = Release|Win32
		{8BFB50C4-51E7-4DA4-873B-B79F123A9723}.Release|Mixed Platforms.ActiveCfg = Release|Win32
		{8BFB50C4-51E7-4DA4-873B-B79F123A9723}.Release|Mixed Platforms.Build.0 = Release|Win32
		{8BFB50C4-51E7-4DA4-873B-B79F123A9723}.Release|Win32.ActiveCfg = Release|Win32
		{8BFB50C4-51E7-4DA4-873B-B79F123A9723}.Release|Win32.Build.0 = Release|Win32
		{8BFB50C4-51E7-4DA4-873B-B79F123A9723}.Release|x64.ActiveCfg = Release|Win32
		{8BFB50C4-51E7-4DA4-873B-B79F123A9723}.Release|x64.Build.0 = Release|Win32
		{8BFB50C4-51E7-4DA4-873B-B79F123A9723}.Release|x86.ActiveCfg = Release|Win32
		{8BFB50C4-51E7-4DA4-873B-B79F123A9723}.Release|x86.Build.0 = Release|Win32
		{0B7EC0CC-5AD6-47CA-9FE1-37E612FFE25D}.Debug No Console|Any CPU.ActiveCfg = Debug|Win32
		{0B7EC0CC-5AD6-47CA-9FE1-37E612FFE25D}.Debug No Console|Mixed Platforms.ActiveCfg = Debug|Win32
		{0B7EC0CC-5AD6-47CA-9FE1-37E612FFE25D}.Debug No Console|Mixed Platforms.Build.0 = Debug|Win32
		{0B7EC0CC-5AD6-47CA-9FE1-37E612FFE25D}.Debug No Console|Win32.ActiveCfg = Debug|Win32
		{0B7EC0CC-5AD6-47CA-9FE1-37E612FFE25D}.Debug No Console|Win32.Build.0 = Debug|Win32
		{0B7EC0CC-5AD6-47CA-9FE1-37E612FFE25D}.Debug No Console|x64.ActiveCfg = Debug|x64
		{0B7EC0CC-5AD6-47CA-9FE1-37E612FFE25D}.Debug No Console|x64.Build.0 = Debug|x64
		{0B7EC0CC-5AD6-47CA-9FE1-37E612FFE25D}.Debug No Console|x86.ActiveCfg = Debug|Win32
		{0B7EC0CC-5AD6-47CA-9FE1-37E612FFE25D}.Debug No Console|x86.Build.0 = Debug|Win32
		{0B7EC0CC-5AD6-47CA-9FE1-37E612FFE25D}.Debug|Any CPU.ActiveCfg = Debug|x64
		{0B7EC0CC-5AD6-47CA-9FE1-37E612FFE25D}.Debug|Any CPU.Build.0 = Debug|x64
		{0B7EC0CC-5AD6-47CA-9FE1-37E612FFE25D}.Debug|Mixed Platforms.ActiveCfg = Debug|x64
		{0B7EC0CC-5AD6-47CA-9FE1-37E612FFE25D}.Debug|Mixed Platforms.Build.0 = Debug|x64
		{0B7EC0CC-5AD6-47CA-9FE1-37E612FFE25D}.Debug|Win32.ActiveCfg = Debug|x64
		{0B7EC0CC-5AD6-47CA-9FE1-37E612FFE25D}.Debug|Win32.Build.0 = Debug|x64
		{0B7EC0CC-5AD6-47CA-9FE1-37E612FFE25D}.Debug|x64.ActiveCfg = Debug|x64
		{0B7EC0CC-5AD6-47CA-9FE1-37E612FFE25D}.Debug|x64.Build.0 = Debug|x64
		{0B7EC0CC-5AD6-47CA-9FE1-37E612FFE25D}.Debug|x86.ActiveCfg = Debug|x64
		{0B7EC0CC-5AD6-47CA-9FE1-37E612FFE25D}.Debug|x86.Build.0 = Debug|x64
		{0B7EC0CC-5AD6-47CA-9FE1-37E612FFE25D}.Release|Any CPU.ActiveCfg = Release|x64
		{0B7EC0CC-5AD6-47CA-9FE1-37E612FFE25D}.Release|Any CPU.Build.0 = Release|x64
		{0B7EC0CC-5AD6-47CA-9FE1-37E612FFE25D}.Release|Mixed Platforms.ActiveCfg = Release|x64
		{0B7EC0CC-5AD6-47CA-9FE1-37E612FFE25D}.Release|Mixed Platforms.Build.0 = Release|x64
		{0B7EC0CC-5AD6-47CA-9FE1-37E612FFE25D}.Release|Win32.ActiveCfg = Release|x64
		{0B7EC0CC-5AD6-47CA-9FE1-37E612FFE25D}.Release|Win32.Build.0 = Release|x64
		{0B7EC0CC-5AD6-47CA-9FE1-37E612FFE25D}.Release|x64.ActiveCfg = Release|x64
		{0B7EC0CC-5AD6-47CA-9FE1-37E612FFE25D}.Release|x64.Build.0 = Release|x64
		{0B7EC0CC-5AD6-47CA-9FE1-37E612FFE25D}.Release|x86.ActiveCfg = Release|x64
		{0B7EC0CC-5AD6-47CA-9FE1-37E612FFE25D}.Release|x86.Build.0 = Release|x64
		{11A56A52-DC70-41E2-8607-3993B9836AAB}.Debug No Console|Any CPU.ActiveCfg = Debug|Any CPU
		{11A56A52-DC70-41E2-8607-3993B9836AAB}.Debug No Console|Any CPU.Build.0 = Debug|Any CPU
		{11A56A52-DC70-41E2-8607-3993B9836AAB}.Debug No Console|Mixed Platforms.ActiveCfg = Debug|Any CPU
		{11A56A52-DC70-41E2-8607-3993B9836AAB}.Debug No Console|Mixed Platforms.Build.0 = Debug|Any CPU
		{11A56A52-DC70-41E2-8607-3993B9836AAB}.Debug No Console|Win32.ActiveCfg = Debug|Any CPU
		{11A56A52-DC70-41E2-8607-3993B9836AAB}.Debug No Console|x64.ActiveCfg = Debug|Any CPU
		{11A56A52-DC70-41E2-8607-3993B9836AAB}.Debug No Console|x86.ActiveCfg = Debug|Any CPU
		{11A56A52-DC70-41E2-8607-3993B9836AAB}.Debug|Any CPU.ActiveCfg = Debug|Any CPU
		{11A56A52-DC70-41E2-8607-3993B9836AAB}.Debug|Any CPU.Build.0 = Debug|Any CPU
		{11A56A52-DC70-41E2-8607-3993B9836AAB}.Debug|Mixed Platforms.ActiveCfg = Debug|Any CPU
		{11A56A52-DC70-41E2-8607-3993B9836AAB}.Debug|Mixed Platforms.Build.0 = Debug|Any CPU
		{11A56A52-DC70-41E2-8607-3993B9836AAB}.Debug|Win32.ActiveCfg = Debug|Any CPU
		{11A56A52-DC70-41E2-8607-3993B9836AAB}.Debug|x64.ActiveCfg = Debug|Any CPU
		{11A56A52-DC70-41E2-8607-3993B9836AAB}.Debug|x86.ActiveCfg = Debug|Any CPU
		{11A56A52-DC70-41E2-8607-3993B9836AAB}.Release|Any CPU.ActiveCfg = Release|Any CPU
		{11A56A52-DC70-41E2-8607-3993B9836AAB}.Release|Any CPU.Build.0 = Release|Any CPU
		{11A56A52-DC70-41E2-8607-3993B9836AAB}.Release|Mixed Platforms.ActiveCfg = Release|Any CPU
		{11A56A52-DC70-41E2-8607-3993B9836AAB}.Release|Mixed Platforms.Build.0 = Release|Any CPU
		{11A56A52-DC70-41E2-8607-3993B9836AAB}.Release|Win32.ActiveCfg = Release|Any CPU
		{11A56A52-DC70-41E2-8607-3993B9836AAB}.Release|x64.ActiveCfg = Release|Any CPU
		{11A56A52-DC70-41E2-8607-3993B9836AAB}.Release|x86.ActiveCfg = Release|Any CPU
		{A5F5584E-F9A5-49A1-A068-F3452E8926DE}.Debug No Console|Any CPU.ActiveCfg = Debug|Any CPU
		{A5F5584E-F9A5-49A1-A068-F3452E8926DE}.Debug No Console|Any CPU.Build.0 = Debug|Any CPU
		{A5F5584E-F9A5-49A1-A068-F3452E8926DE}.Debug No Console|Mixed Platforms.ActiveCfg = Debug|Any CPU
		{A5F5584E-F9A5-49A1-A068-F3452E8926DE}.Debug No Console|Mixed Platforms.Build.0 = Debug|Any CPU
		{A5F5584E-F9A5-49A1-A068-F3452E8926DE}.Debug No Console|Win32.ActiveCfg = Debug|Any CPU
		{A5F5584E-F9A5-49A1-A068-F3452E8926DE}.Debug No Console|x64.ActiveCfg = Debug|Any CPU
		{A5F5584E-F9A5-49A1-A068-F3452E8926DE}.Debug No Console|x86.ActiveCfg = Debug|Any CPU
		{A5F5584E-F9A5-49A1-A068-F3452E8926DE}.Debug|Any CPU.ActiveCfg = Debug|Any CPU
		{A5F5584E-F9A5-49A1-A068-F3452E8926DE}.Debug|Any CPU.Build.0 = Debug|Any CPU
		{A5F5584E-F9A5-49A1-A068-F3452E8926DE}.Debug|Mixed Platforms.ActiveCfg = Debug|Any CPU
		{A5F5584E-F9A5-49A1-A068-F3452E8926DE}.Debug|Mixed Platforms.Build.0 = Debug|Any CPU
		{A5F5584E-F9A5-49A1-A068-F3452E8926DE}.Debug|Win32.ActiveCfg = Debug|Any CPU
		{A5F5584E-F9A5-49A1-A068-F3452E8926DE}.Debug|x64.ActiveCfg = Debug|Any CPU
		{A5F5584E-F9A5-49A1-A068-F3452E8926DE}.Debug|x86.ActiveCfg = Debug|Any CPU
		{A5F5584E-F9A5-49A1-A068-F3452E8926DE}.Release|Any CPU.ActiveCfg = Release|Any CPU
		{A5F5584E-F9A5-49A1-A068-F3452E8926DE}.Release|Any CPU.Build.0 = Release|Any CPU
		{A5F5584E-F9A5-49A1-A068-F3452E8926DE}.Release|Any CPU.Deploy.0 = Release|Any CPU
		{A5F5584E-F9A5-49A1-A068-F3452E8926DE}.Release|Mixed Platforms.ActiveCfg = Release|Any CPU
		{A5F5584E-F9A5-49A1-A068-F3452E8926DE}.Release|Mixed Platforms.Build.0 = Release|Any CPU
		{A5F5584E-F9A5-49A1-A068-F3452E8926DE}.Release|Win32.ActiveCfg = Release|Any CPU
		{A5F5584E-F9A5-49A1-A068-F3452E8926DE}.Release|x64.ActiveCfg = Release|Any CPU
		{A5F5584E-F9A5-49A1-A068-F3452E8926DE}.Release|x86.ActiveCfg = Release|Any CPU
		{6B5492AB-611F-4DED-84D1-5A67981B5A38}.Debug No Console|Any CPU.ActiveCfg = Debug|Any CPU
		{6B5492AB-611F-4DED-84D1-5A67981B5A38}.Debug No Console|Any CPU.Build.0 = Debug|Any CPU
		{6B5492AB-611F-4DED-84D1-5A67981B5A38}.Debug No Console|Mixed Platforms.ActiveCfg = Debug|Any CPU
		{6B5492AB-611F-4DED-84D1-5A67981B5A38}.Debug No Console|Mixed Platforms.Build.0 = Debug|Any CPU
		{6B5492AB-611F-4DED-84D1-5A67981B5A38}.Debug No Console|Win32.ActiveCfg = Debug|Any CPU
		{6B5492AB-611F-4DED-84D1-5A67981B5A38}.Debug No Console|x64.ActiveCfg = Debug|Any CPU
		{6B5492AB-611F-4DED-84D1-5A67981B5A38}.Debug No Console|x86.ActiveCfg = Debug|Any CPU
		{6B5492AB-611F-4DED-84D1-5A67981B5A38}.Debug|Any CPU.ActiveCfg = Debug|Any CPU
		{6B5492AB-611F-4DED-84D1-5A67981B5A38}.Debug|Any CPU.Build.0 = Debug|Any CPU
		{6B5492AB-611F-4DED-84D1-5A67981B5A38}.Debug|Mixed Platforms.ActiveCfg = Debug|Any CPU
		{6B5492AB-611F-4DED-84D1-5A67981B5A38}.Debug|Mixed Platforms.Build.0 = Debug|Any CPU
		{6B5492AB-611F-4DED-84D1-5A67981B5A38}.Debug|Win32.ActiveCfg = Debug|Any CPU
		{6B5492AB-611F-4DED-84D1-5A67981B5A38}.Debug|x64.ActiveCfg = Debug|Any CPU
		{6B5492AB-611F-4DED-84D1-5A67981B5A38}.Debug|x86.ActiveCfg = Debug|Any CPU
		{6B5492AB-611F-4DED-84D1-5A67981B5A38}.Release|Any CPU.ActiveCfg = Release|Any CPU
		{6B5492AB-611F-4DED-84D1-5A67981B5A38}.Release|Any CPU.Build.0 = Release|Any CPU
		{6B5492AB-611F-4DED-84D1-5A67981B5A38}.Release|Mixed Platforms.ActiveCfg = Release|Any CPU
		{6B5492AB-611F-4DED-84D1-5A67981B5A38}.Release|Mixed Platforms.Build.0 = Release|Any CPU
		{6B5492AB-611F-4DED-84D1-5A67981B5A38}.Release|Win32.ActiveCfg = Release|Any CPU
		{6B5492AB-611F-4DED-84D1-5A67981B5A38}.Release|x64.ActiveCfg = Release|Any CPU
		{6B5492AB-611F-4DED-84D1-5A67981B5A38}.Release|x86.ActiveCfg = Release|Any CPU
		{9298F6AD-5E2B-42F5-930C-8BCD06B99FD2}.Debug No Console|Any CPU.ActiveCfg = Debug|Any CPU
		{9298F6AD-5E2B-42F5-930C-8BCD06B99FD2}.Debug No Console|Any CPU.Build.0 = Debug|Any CPU
		{9298F6AD-5E2B-42F5-930C-8BCD06B99FD2}.Debug No Console|Mixed Platforms.ActiveCfg = Debug|Any CPU
		{9298F6AD-5E2B-42F5-930C-8BCD06B99FD2}.Debug No Console|Mixed Platforms.Build.0 = Debug|Any CPU
		{9298F6AD-5E2B-42F5-930C-8BCD06B99FD2}.Debug No Console|Win32.ActiveCfg = Debug|Any CPU
		{9298F6AD-5E2B-42F5-930C-8BCD06B99FD2}.Debug No Console|x64.ActiveCfg = Debug|Any CPU
		{9298F6AD-5E2B-42F5-930C-8BCD06B99FD2}.Debug No Console|x86.ActiveCfg = Debug|Any CPU
		{9298F6AD-5E2B-42F5-930C-8BCD06B99FD2}.Debug|Any CPU.ActiveCfg = Debug|Any CPU
		{9298F6AD-5E2B-42F5-930C-8BCD06B99FD2}.Debug|Any CPU.Build.0 = Debug|Any CPU
		{9298F6AD-5E2B-42F5-930C-8BCD06B99FD2}.Debug|Mixed Platforms.ActiveCfg = Debug|Any CPU
		{9298F6AD-5E2B-42F5-930C-8BCD06B99FD2}.Debug|Mixed Platforms.Build.0 = Debug|Any CPU
		{9298F6AD-5E2B-42F5-930C-8BCD06B99FD2}.Debug|Win32.ActiveCfg = Debug|Any CPU
		{9298F6AD-5E2B-42F5-930C-8BCD06B99FD2}.Debug|x64.ActiveCfg = Debug|Any CPU
		{9298F6AD-5E2B-42F5-930C-8BCD06B99FD2}.Debug|x86.ActiveCfg = Debug|Any CPU
		{9298F6AD-5E2B-42F5-930C-8BCD06B99FD2}.Release|Any CPU.ActiveCfg = Release|Any CPU
		{9298F6AD-5E2B-42F5-930C-8BCD06B99FD2}.Release|Any CPU.Build.0 = Release|Any CPU
		{9298F6AD-5E2B-42F5-930C-8BCD06B99FD2}.Release|Mixed Platforms.ActiveCfg = Release|Any CPU
		{9298F6AD-5E2B-42F5-930C-8BCD06B99FD2}.Release|Mixed Platforms.Build.0 = Release|Any CPU
		{9298F6AD-5E2B-42F5-930C-8BCD06B99FD2}.Release|Win32.ActiveCfg = Release|Any CPU
		{9298F6AD-5E2B-42F5-930C-8BCD06B99FD2}.Release|x64.ActiveCfg = Release|Any CPU
		{9298F6AD-5E2B-42F5-930C-8BCD06B99FD2}.Release|x86.ActiveCfg = Release|Any CPU
		{91A99965-32A0-4B88-B001-B25FEBDCE8F5}.Debug No Console|Any CPU.ActiveCfg = Debug|Any CPU
		{91A99965-32A0-4B88-B001-B25FEBDCE8F5}.Debug No Console|Any CPU.Build.0 = Debug|Any CPU
		{91A99965-32A0-4B88-B001-B25FEBDCE8F5}.Debug No Console|Mixed Platforms.ActiveCfg = Debug|Any CPU
		{91A99965-32A0-4B88-B001-B25FEBDCE8F5}.Debug No Console|Mixed Platforms.Build.0 = Debug|Any CPU
		{91A99965-32A0-4B88-B001-B25FEBDCE8F5}.Debug No Console|Win32.ActiveCfg = Debug|Any CPU
		{91A99965-32A0-4B88-B001-B25FEBDCE8F5}.Debug No Console|Win32.Build.0 = Debug|Any CPU
		{91A99965-32A0-4B88-B001-B25FEBDCE8F5}.Debug No Console|x64.ActiveCfg = Debug|Any CPU
		{91A99965-32A0-4B88-B001-B25FEBDCE8F5}.Debug No Console|x64.Build.0 = Debug|Any CPU
		{91A99965-32A0-4B88-B001-B25FEBDCE8F5}.Debug No Console|x86.ActiveCfg = Debug|Any CPU
		{91A99965-32A0-4B88-B001-B25FEBDCE8F5}.Debug No Console|x86.Build.0 = Debug|Any CPU
		{91A99965-32A0-4B88-B001-B25FEBDCE8F5}.Debug|Any CPU.ActiveCfg = Debug|Any CPU
		{91A99965-32A0-4B88-B001-B25FEBDCE8F5}.Debug|Any CPU.Build.0 = Debug|Any CPU
		{91A99965-32A0-4B88-B001-B25FEBDCE8F5}.Debug|Mixed Platforms.ActiveCfg = Debug|Any CPU
		{91A99965-32A0-4B88-B001-B25FEBDCE8F5}.Debug|Mixed Platforms.Build.0 = Debug|Any CPU
		{91A99965-32A0-4B88-B001-B25FEBDCE8F5}.Debug|Win32.ActiveCfg = Debug|Any CPU
		{91A99965-32A0-4B88-B001-B25FEBDCE8F5}.Debug|Win32.Build.0 = Debug|Any CPU
		{91A99965-32A0-4B88-B001-B25FEBDCE8F5}.Debug|x64.ActiveCfg = Debug|Any CPU
		{91A99965-32A0-4B88-B001-B25FEBDCE8F5}.Debug|x64.Build.0 = Debug|Any CPU
		{91A99965-32A0-4B88-B001-B25FEBDCE8F5}.Debug|x86.ActiveCfg = Debug|Any CPU
		{91A99965-32A0-4B88-B001-B25FEBDCE8F5}.Debug|x86.Build.0 = Debug|Any CPU
		{91A99965-32A0-4B88-B001-B25FEBDCE8F5}.Release|Any CPU.ActiveCfg = Release|Any CPU
		{91A99965-32A0-4B88-B001-B25FEBDCE8F5}.Release|Any CPU.Build.0 = Release|Any CPU
		{91A99965-32A0-4B88-B001-B25FEBDCE8F5}.Release|Mixed Platforms.ActiveCfg = Release|Any CPU
		{91A99965-32A0-4B88-B001-B25FEBDCE8F5}.Release|Mixed Platforms.Build.0 = Release|Any CPU
		{91A99965-32A0-4B88-B001-B25FEBDCE8F5}.Release|Win32.ActiveCfg = Release|Any CPU
		{91A99965-32A0-4B88-B001-B25FEBDCE8F5}.Release|Win32.Build.0 = Release|Any CPU
		{91A99965-32A0-4B88-B001-B25FEBDCE8F5}.Release|x64.ActiveCfg = Release|Any CPU
		{91A99965-32A0-4B88-B001-B25FEBDCE8F5}.Release|x64.Build.0 = Release|Any CPU
		{91A99965-32A0-4B88-B001-B25FEBDCE8F5}.Release|x86.ActiveCfg = Release|Any CPU
		{91A99965-32A0-4B88-B001-B25FEBDCE8F5}.Release|x86.Build.0 = Release|Any CPU
		{32189CB3-1EC3-4E81-BC0B-05230A3735DE}.Debug No Console|Any CPU.ActiveCfg = Debug|Any CPU
		{32189CB3-1EC3-4E81-BC0B-05230A3735DE}.Debug No Console|Any CPU.Build.0 = Debug|Any CPU
		{32189CB3-1EC3-4E81-BC0B-05230A3735DE}.Debug No Console|Mixed Platforms.ActiveCfg = Debug|Any CPU
		{32189CB3-1EC3-4E81-BC0B-05230A3735DE}.Debug No Console|Mixed Platforms.Build.0 = Debug|Any CPU
		{32189CB3-1EC3-4E81-BC0B-05230A3735DE}.Debug No Console|Win32.ActiveCfg = Debug|Any CPU
		{32189CB3-1EC3-4E81-BC0B-05230A3735DE}.Debug No Console|Win32.Build.0 = Debug|Any CPU
		{32189CB3-1EC3-4E81-BC0B-05230A3735DE}.Debug No Console|x64.ActiveCfg = Debug|Any CPU
		{32189CB3-1EC3-4E81-BC0B-05230A3735DE}.Debug No Console|x64.Build.0 = Debug|Any CPU
		{32189CB3-1EC3-4E81-BC0B-05230A3735DE}.Debug No Console|x86.ActiveCfg = Debug|Any CPU
		{32189CB3-1EC3-4E81-BC0B-05230A3735DE}.Debug No Console|x86.Build.0 = Debug|Any CPU
		{32189CB3-1EC3-4E81-BC0B-05230A3735DE}.Debug|Any CPU.ActiveCfg = Debug|Any CPU
		{32189CB3-1EC3-4E81-BC0B-05230A3735DE}.Debug|Any CPU.Build.0 = Debug|Any CPU
		{32189CB3-1EC3-4E81-BC0B-05230A3735DE}.Debug|Mixed Platforms.ActiveCfg = Debug|Any CPU
		{32189CB3-1EC3-4E81-BC0B-05230A3735DE}.Debug|Mixed Platforms.Build.0 = Debug|Any CPU
		{32189CB3-1EC3-4E81-BC0B-05230A3735DE}.Debug|Win32.ActiveCfg = Debug|Any CPU
		{32189CB3-1EC3-4E81-BC0B-05230A3735DE}.Debug|Win32.Build.0 = Debug|Any CPU
		{32189CB3-1EC3-4E81-BC0B-05230A3735DE}.Debug|x64.ActiveCfg = Debug|Any CPU
		{32189CB3-1EC3-4E81-BC0B-05230A3735DE}.Debug|x64.Build.0 = Debug|Any CPU
		{32189CB3-1EC3-4E81-BC0B-05230A3735DE}.Debug|x86.ActiveCfg = Debug|Any CPU
		{32189CB3-1EC3-4E81-BC0B-05230A3735DE}.Debug|x86.Build.0 = Debug|Any CPU
		{32189CB3-1EC3-4E81-BC0B-05230A3735DE}.Release|Any CPU.ActiveCfg = Release|Any CPU
		{32189CB3-1EC3-4E81-BC0B-05230A3735DE}.Release|Any CPU.Build.0 = Release|Any CPU
		{32189CB3-1EC3-4E81-BC0B-05230A3735DE}.Release|Mixed Platforms.ActiveCfg = Release|Any CPU
		{32189CB3-1EC3-4E81-BC0B-05230A3735DE}.Release|Mixed Platforms.Build.0 = Release|Any CPU
		{32189CB3-1EC3-4E81-BC0B-05230A3735DE}.Release|Win32.ActiveCfg = Release|Any CPU
		{32189CB3-1EC3-4E81-BC0B-05230A3735DE}.Release|Win32.Build.0 = Release|Any CPU
		{32189CB3-1EC3-4E81-BC0B-05230A3735DE}.Release|x64.ActiveCfg = Release|Any CPU
		{32189CB3-1EC3-4E81-BC0B-05230A3735DE}.Release|x64.Build.0 = Release|Any CPU
		{32189CB3-1EC3-4E81-BC0B-05230A3735DE}.Release|x86.ActiveCfg = Release|Any CPU
		{32189CB3-1EC3-4E81-BC0B-05230A3735DE}.Release|x86.Build.0 = Release|Any CPU
		{753CDFA2-BAF6-4C1D-85F3-255900474B7E}.Debug No Console|Any CPU.ActiveCfg = Debug|Any CPU
		{753CDFA2-BAF6-4C1D-85F3-255900474B7E}.Debug No Console|Any CPU.Build.0 = Debug|Any CPU
		{753CDFA2-BAF6-4C1D-85F3-255900474B7E}.Debug No Console|Mixed Platforms.ActiveCfg = Debug|Any CPU
		{753CDFA2-BAF6-4C1D-85F3-255900474B7E}.Debug No Console|Mixed Platforms.Build.0 = Debug|Any CPU
		{753CDFA2-BAF6-4C1D-85F3-255900474B7E}.Debug No Console|Win32.ActiveCfg = Debug|Any CPU
		{753CDFA2-BAF6-4C1D-85F3-255900474B7E}.Debug No Console|Win32.Build.0 = Debug|Any CPU
		{753CDFA2-BAF6-4C1D-85F3-255900474B7E}.Debug No Console|x64.ActiveCfg = Debug|Any CPU
		{753CDFA2-BAF6-4C1D-85F3-255900474B7E}.Debug No Console|x64.Build.0 = Debug|Any CPU
		{753CDFA2-BAF6-4C1D-85F3-255900474B7E}.Debug No Console|x86.ActiveCfg = Debug|Any CPU
		{753CDFA2-BAF6-4C1D-85F3-255900474B7E}.Debug No Console|x86.Build.0 = Debug|Any CPU
		{753CDFA2-BAF6-4C1D-85F3-255900474B7E}.Debug|Any CPU.ActiveCfg = Debug|Any CPU
		{753CDFA2-BAF6-4C1D-85F3-255900474B7E}.Debug|Any CPU.Build.0 = Debug|Any CPU
		{753CDFA2-BAF6-4C1D-85F3-255900474B7E}.Debug|Mixed Platforms.ActiveCfg = Debug|Any CPU
		{753CDFA2-BAF6-4C1D-85F3-255900474B7E}.Debug|Mixed Platforms.Build.0 = Debug|Any CPU
		{753CDFA2-BAF6-4C1D-85F3-255900474B7E}.Debug|Win32.ActiveCfg = Debug|Any CPU
		{753CDFA2-BAF6-4C1D-85F3-255900474B7E}.Debug|Win32.Build.0 = Debug|Any CPU
		{753CDFA2-BAF6-4C1D-85F3-255900474B7E}.Debug|x64.ActiveCfg = Debug|Any CPU
		{753CDFA2-BAF6-4C1D-85F3-255900474B7E}.Debug|x64.Build.0 = Debug|Any CPU
		{753CDFA2-BAF6-4C1D-85F3-255900474B7E}.Debug|x86.ActiveCfg = Debug|Any CPU
		{753CDFA2-BAF6-4C1D-85F3-255900474B7E}.Debug|x86.Build.0 = Debug|Any CPU
		{753CDFA2-BAF6-4C1D-85F3-255900474B7E}.Release|Any CPU.ActiveCfg = Release|Any CPU
		{753CDFA2-BAF6-4C1D-85F3-255900474B7E}.Release|Any CPU.Build.0 = Release|Any CPU
		{753CDFA2-BAF6-4C1D-85F3-255900474B7E}.Release|Mixed Platforms.ActiveCfg = Release|Any CPU
		{753CDFA2-BAF6-4C1D-85F3-255900474B7E}.Release|Mixed Platforms.Build.0 = Release|Any CPU
		{753CDFA2-BAF6-4C1D-85F3-255900474B7E}.Release|Win32.ActiveCfg = Release|Any CPU
		{753CDFA2-BAF6-4C1D-85F3-255900474B7E}.Release|Win32.Build.0 = Release|Any CPU
		{753CDFA2-BAF6-4C1D-85F3-255900474B7E}.Release|x64.ActiveCfg = Release|Any CPU
		{753CDFA2-BAF6-4C1D-85F3-255900474B7E}.Release|x64.Build.0 = Release|Any CPU
		{753CDFA2-BAF6-4C1D-85F3-255900474B7E}.Release|x86.ActiveCfg = Release|Any CPU
		{753CDFA2-BAF6-4C1D-85F3-255900474B7E}.Release|x86.Build.0 = Release|Any CPU
	EndGlobalSection
	GlobalSection(SolutionProperties) = preSolution
		HideSolutionNode = FALSE
	EndGlobalSection
	GlobalSection(NestedProjects) = preSolution
		{33E19C30-D103-45B3-8A89-5986F195F605} = {E1EE6B1C-CBBE-48C8-AD7F-2F402EF9C32D}
		{8D612C41-7D95-499C-A82D-C5C3C82225B3} = {4CC56C49-DA3A-444E-B051-D1ECC8B51D7D}
		{8BFB50C4-51E7-4DA4-873B-B79F123A9723} = {4CC56C49-DA3A-444E-B051-D1ECC8B51D7D}
		{0B7EC0CC-5AD6-47CA-9FE1-37E612FFE25D} = {4CC56C49-DA3A-444E-B051-D1ECC8B51D7D}
		{11A56A52-DC70-41E2-8607-3993B9836AAB} = {5123B905-C896-4A1D-BA0E-0C31694E8179}
		{A5F5584E-F9A5-49A1-A068-F3452E8926DE} = {5123B905-C896-4A1D-BA0E-0C31694E8179}
		{5123B905-C896-4A1D-BA0E-0C31694E8179} = {677064CB-0ED0-4758-AEEF-73CEEFD3030B}
		{E1EE6B1C-CBBE-48C8-AD7F-2F402EF9C32D} = {677064CB-0ED0-4758-AEEF-73CEEFD3030B}
		{6B5492AB-611F-4DED-84D1-5A67981B5A38} = {E1EE6B1C-CBBE-48C8-AD7F-2F402EF9C32D}
		{9298F6AD-5E2B-42F5-930C-8BCD06B99FD2} = {E1EE6B1C-CBBE-48C8-AD7F-2F402EF9C32D}
		{D222B695-DC3F-425B-977B-45D00C98E9C7} = {677064CB-0ED0-4758-AEEF-73CEEFD3030B}
		{91A99965-32A0-4B88-B001-B25FEBDCE8F5} = {C23849EB-8154-4226-BAF4-74215035CA31}
		{32189CB3-1EC3-4E81-BC0B-05230A3735DE} = {E1EE6B1C-CBBE-48C8-AD7F-2F402EF9C32D}
		{753CDFA2-BAF6-4C1D-85F3-255900474B7E} = {E1EE6B1C-CBBE-48C8-AD7F-2F402EF9C32D}
	EndGlobalSection
	GlobalSection(ExtensibilityGlobals) = postSolution
		SolutionGuid = {9BA30ACD-8C21-44AD-A730-89A3F3A4F596}
	EndGlobalSection
EndGlobal
