
Microsoft Visual Studio Solution File, Format Version 12.00
# Visual Studio 15
VisualStudioVersion = 15.0.28307.329
MinimumVisualStudioVersion = 10.0.40219.1
Project("{FAE04EC0-301F-11D3-BF4B-00C04F79EFBC}") = "V8.Net-Console", "Tests\V8.NET-Console\V8.Net-Console.csproj", "{33E19C30-D103-45B3-8A89-5986F195F605}"
EndProject
Project("{FAE04EC0-301F-11D3-BF4B-00C04F79EFBC}") = "V8.Net", "Source\V8.Net\V8.Net.csproj", "{8D612C41-7D95-499C-A82D-C5C3C82225B3}"
	ProjectSection(ProjectDependencies) = postProject
		{BAEB5060-C5E5-4EC9-BB9D-30400835CF39} = {BAEB5060-C5E5-4EC9-BB9D-30400835CF39}
		{8BFB50C4-51E7-4DA4-873B-B79F123A9723} = {8BFB50C4-51E7-4DA4-873B-B79F123A9723}
		{0B7EC0CC-5AD6-47CA-9FE1-37E612FFE25D} = {0B7EC0CC-5AD6-47CA-9FE1-37E612FFE25D}
		{C6ABB6D8-97A2-4ECF-889F-823E891D798B} = {C6ABB6D8-97A2-4ECF-889F-823E891D798B}
	EndProjectSection
EndProject
Project("{FAE04EC0-301F-11D3-BF4B-00C04F79EFBC}") = "V8.Net-SharedTypes", "Source\V8.Net-SharedTypes\V8.Net-SharedTypes.csproj", "{EF90724B-3893-4ACF-BFEE-88532485B11A}"
EndProject
Project("{8BC9CEB8-8B4A-11D0-8D11-00A0C91BC942}") = "V8.Net-Proxy-x86", "Source\V8.NET-Proxy\V8.Net-Proxy.vcxproj", "{8BFB50C4-51E7-4DA4-873B-B79F123A9723}"
EndProject
Project("{FAE04EC0-301F-11D3-BF4B-00C04F79EFBC}") = "V8.Net-ProxyInterface", "Source\V8.NET-ProxyInterface\V8.Net-ProxyInterface.csproj", "{81752B54-1391-44CB-A1F5-ECCF7279DB71}"
	ProjectSection(ProjectDependencies) = postProject
		{8BFB50C4-51E7-4DA4-873B-B79F123A9723} = {8BFB50C4-51E7-4DA4-873B-B79F123A9723}
		{0B7EC0CC-5AD6-47CA-9FE1-37E612FFE25D} = {0B7EC0CC-5AD6-47CA-9FE1-37E612FFE25D}
	EndProjectSection
EndProject
Project("{FAE04EC0-301F-11D3-BF4B-00C04F79EFBC}") = "V8.Net-ProxyInterface-x64", "Source\V8.NET-ProxyInterface\V8.Net-ProxyInterface-x64.csproj", "{C6ABB6D8-97A2-4ECF-889F-823E891D798B}"
	ProjectSection(ProjectDependencies) = postProject
		{0B7EC0CC-5AD6-47CA-9FE1-37E612FFE25D} = {0B7EC0CC-5AD6-47CA-9FE1-37E612FFE25D}
	EndProjectSection
EndProject
Project("{8BC9CEB8-8B4A-11D0-8D11-00A0C91BC942}") = "V8.Net-Proxy-x64", "Source\V8.NET-Proxy\V8.Net-Proxy-x64.vcxproj", "{0B7EC0CC-5AD6-47CA-9FE1-37E612FFE25D}"
EndProject
Project("{FAE04EC0-301F-11D3-BF4B-00C04F79EFBC}") = "V8.Net-ProxyInterface-x86", "Source\V8.NET-ProxyInterface\V8.Net-ProxyInterface-x86.csproj", "{BAEB5060-C5E5-4EC9-BB9D-30400835CF39}"
	ProjectSection(ProjectDependencies) = postProject
		{8BFB50C4-51E7-4DA4-873B-B79F123A9723} = {8BFB50C4-51E7-4DA4-873B-B79F123A9723}
	EndProjectSection
EndProject
Project("{2150E333-8FDC-42A3-9474-1A3956D46DE8}") = ".NET 4.0", ".NET 4.0", "{4CC56C49-DA3A-444E-B051-D1ECC8B51D7D}"
EndProject
Project("{2150E333-8FDC-42A3-9474-1A3956D46DE8}") = "Test Projects", "Test Projects", "{677064CB-0ED0-4758-AEEF-73CEEFD3030B}"
EndProject
Project("{FAE04EC0-301F-11D3-BF4B-00C04F79EFBC}") = "WCFServiceTest", "Tests\WCFServiceTest\WCFServiceTest.csproj", "{11A56A52-DC70-41E2-8607-3993B9836AAB}"
	ProjectSection(ProjectDependencies) = postProject
		{8D612C41-7D95-499C-A82D-C5C3C82225B3} = {8D612C41-7D95-499C-A82D-C5C3C82225B3}
		{EF90724B-3893-4ACF-BFEE-88532485B11A} = {EF90724B-3893-4ACF-BFEE-88532485B11A}
		{81752B54-1391-44CB-A1F5-ECCF7279DB71} = {81752B54-1391-44CB-A1F5-ECCF7279DB71}
		{BAEB5060-C5E5-4EC9-BB9D-30400835CF39} = {BAEB5060-C5E5-4EC9-BB9D-30400835CF39}
		{8BFB50C4-51E7-4DA4-873B-B79F123A9723} = {8BFB50C4-51E7-4DA4-873B-B79F123A9723}
		{0B7EC0CC-5AD6-47CA-9FE1-37E612FFE25D} = {0B7EC0CC-5AD6-47CA-9FE1-37E612FFE25D}
		{C6ABB6D8-97A2-4ECF-889F-823E891D798B} = {C6ABB6D8-97A2-4ECF-889F-823E891D798B}
	EndProjectSection
EndProject
Project("{FAE04EC0-301F-11D3-BF4B-00C04F79EFBC}") = "ASPNetTest", "Tests\ASPNetTest\ASPNetTest.csproj", "{A5F5584E-F9A5-49A1-A068-F3452E8926DE}"
	ProjectSection(ProjectDependencies) = postProject
		{8D612C41-7D95-499C-A82D-C5C3C82225B3} = {8D612C41-7D95-499C-A82D-C5C3C82225B3}
		{EF90724B-3893-4ACF-BFEE-88532485B11A} = {EF90724B-3893-4ACF-BFEE-88532485B11A}
		{81752B54-1391-44CB-A1F5-ECCF7279DB71} = {81752B54-1391-44CB-A1F5-ECCF7279DB71}
		{BAEB5060-C5E5-4EC9-BB9D-30400835CF39} = {BAEB5060-C5E5-4EC9-BB9D-30400835CF39}
		{8BFB50C4-51E7-4DA4-873B-B79F123A9723} = {8BFB50C4-51E7-4DA4-873B-B79F123A9723}
		{0B7EC0CC-5AD6-47CA-9FE1-37E612FFE25D} = {0B7EC0CC-5AD6-47CA-9FE1-37E612FFE25D}
		{C6ABB6D8-97A2-4ECF-889F-823E891D798B} = {C6ABB6D8-97A2-4ECF-889F-823E891D798B}
	EndProjectSection
EndProject
Project("{2150E333-8FDC-42A3-9474-1A3956D46DE8}") = "Web", "Web", "{5123B905-C896-4A1D-BA0E-0C31694E8179}"
EndProject
Project("{2150E333-8FDC-42A3-9474-1A3956D46DE8}") = "Desktop", "Desktop", "{E1EE6B1C-CBBE-48C8-AD7F-2F402EF9C32D}"
EndProject
Global
	GlobalSection(SolutionConfigurationPlatforms) = preSolution
		Debug|Any CPU = Debug|Any CPU
		Debug|Mixed Platforms = Debug|Mixed Platforms
		Debug|Win32 = Debug|Win32
		Debug|x64 = Debug|x64
		Debug|x86 = Debug|x86
		Release|Any CPU = Release|Any CPU
		Release|Mixed Platforms = Release|Mixed Platforms
		Release|Win32 = Release|Win32
		Release|x64 = Release|x64
		Release|x86 = Release|x86
	EndGlobalSection
	GlobalSection(ProjectConfigurationPlatforms) = postSolution
		{33E19C30-D103-45B3-8A89-5986F195F605}.Debug|Any CPU.ActiveCfg = Debug|Any CPU
		{33E19C30-D103-45B3-8A89-5986F195F605}.Debug|Any CPU.Build.0 = Debug|Any CPU
		{33E19C30-D103-45B3-8A89-5986F195F605}.Debug|Mixed Platforms.ActiveCfg = Debug|Any CPU
		{33E19C30-D103-45B3-8A89-5986F195F605}.Debug|Mixed Platforms.Build.0 = Debug|Any CPU
		{33E19C30-D103-45B3-8A89-5986F195F605}.Debug|Win32.ActiveCfg = Debug|Any CPU
		{33E19C30-D103-45B3-8A89-5986F195F605}.Debug|Win32.Build.0 = Debug|Any CPU
		{33E19C30-D103-45B3-8A89-5986F195F605}.Debug|x64.ActiveCfg = Debug|Any CPU
		{33E19C30-D103-45B3-8A89-5986F195F605}.Debug|x64.Build.0 = Debug|Any CPU
		{33E19C30-D103-45B3-8A89-5986F195F605}.Debug|x86.ActiveCfg = Debug|Any CPU
		{33E19C30-D103-45B3-8A89-5986F195F605}.Debug|x86.Build.0 = Debug|Any CPU
		{33E19C30-D103-45B3-8A89-5986F195F605}.Release|Any CPU.ActiveCfg = Release|Any CPU
		{33E19C30-D103-45B3-8A89-5986F195F605}.Release|Any CPU.Build.0 = Release|Any CPU
		{33E19C30-D103-45B3-8A89-5986F195F605}.Release|Mixed Platforms.ActiveCfg = Release|Any CPU
		{33E19C30-D103-45B3-8A89-5986F195F605}.Release|Mixed Platforms.Build.0 = Release|Any CPU
		{33E19C30-D103-45B3-8A89-5986F195F605}.Release|Win32.ActiveCfg = Release|x86
		{33E19C30-D103-45B3-8A89-5986F195F605}.Release|Win32.Build.0 = Release|x86
		{33E19C30-D103-45B3-8A89-5986F195F605}.Release|x64.ActiveCfg = Release|Any CPU
		{33E19C30-D103-45B3-8A89-5986F195F605}.Release|x64.Build.0 = Release|Any CPU
		{33E19C30-D103-45B3-8A89-5986F195F605}.Release|x86.ActiveCfg = Release|x86
		{33E19C30-D103-45B3-8A89-5986F195F605}.Release|x86.Build.0 = Release|x86
		{8D612C41-7D95-499C-A82D-C5C3C82225B3}.Debug|Any CPU.ActiveCfg = Debug|Any CPU
		{8D612C41-7D95-499C-A82D-C5C3C82225B3}.Debug|Any CPU.Build.0 = Debug|Any CPU
		{8D612C41-7D95-499C-A82D-C5C3C82225B3}.Debug|Mixed Platforms.ActiveCfg = Debug|Any CPU
		{8D612C41-7D95-499C-A82D-C5C3C82225B3}.Debug|Mixed Platforms.Build.0 = Debug|Any CPU
		{8D612C41-7D95-499C-A82D-C5C3C82225B3}.Debug|Win32.ActiveCfg = Debug|Any CPU
		{8D612C41-7D95-499C-A82D-C5C3C82225B3}.Debug|Win32.Build.0 = Debug|Any CPU
		{8D612C41-7D95-499C-A82D-C5C3C82225B3}.Debug|x64.ActiveCfg = Debug|Any CPU
		{8D612C41-7D95-499C-A82D-C5C3C82225B3}.Debug|x64.Build.0 = Debug|Any CPU
		{8D612C41-7D95-499C-A82D-C5C3C82225B3}.Debug|x86.ActiveCfg = Debug|Any CPU
		{8D612C41-7D95-499C-A82D-C5C3C82225B3}.Debug|x86.Build.0 = Debug|Any CPU
		{8D612C41-7D95-499C-A82D-C5C3C82225B3}.Release|Any CPU.ActiveCfg = Release|Any CPU
		{8D612C41-7D95-499C-A82D-C5C3C82225B3}.Release|Any CPU.Build.0 = Release|Any CPU
		{8D612C41-7D95-499C-A82D-C5C3C82225B3}.Release|Mixed Platforms.ActiveCfg = Release|Any CPU
		{8D612C41-7D95-499C-A82D-C5C3C82225B3}.Release|Mixed Platforms.Build.0 = Release|Any CPU
		{8D612C41-7D95-499C-A82D-C5C3C82225B3}.Release|Win32.ActiveCfg = Release|x86
		{8D612C41-7D95-499C-A82D-C5C3C82225B3}.Release|Win32.Build.0 = Release|x86
		{8D612C41-7D95-499C-A82D-C5C3C82225B3}.Release|x64.ActiveCfg = Release|Any CPU
		{8D612C41-7D95-499C-A82D-C5C3C82225B3}.Release|x64.Build.0 = Release|Any CPU
		{8D612C41-7D95-499C-A82D-C5C3C82225B3}.Release|x86.ActiveCfg = Release|x86
		{8D612C41-7D95-499C-A82D-C5C3C82225B3}.Release|x86.Build.0 = Release|x86
		{EF90724B-3893-4ACF-BFEE-88532485B11A}.Debug|Any CPU.ActiveCfg = Debug|Any CPU
		{EF90724B-3893-4ACF-BFEE-88532485B11A}.Debug|Any CPU.Build.0 = Debug|Any CPU
		{EF90724B-3893-4ACF-BFEE-88532485B11A}.Debug|Mixed Platforms.ActiveCfg = Debug|Any CPU
		{EF90724B-3893-4ACF-BFEE-88532485B11A}.Debug|Mixed Platforms.Build.0 = Debug|Any CPU
		{EF90724B-3893-4ACF-BFEE-88532485B11A}.Debug|Win32.ActiveCfg = Debug|Any CPU
		{EF90724B-3893-4ACF-BFEE-88532485B11A}.Debug|Win32.Build.0 = Debug|Any CPU
		{EF90724B-3893-4ACF-BFEE-88532485B11A}.Debug|x64.ActiveCfg = Debug|Any CPU
		{EF90724B-3893-4ACF-BFEE-88532485B11A}.Debug|x64.Build.0 = Debug|Any CPU
		{EF90724B-3893-4ACF-BFEE-88532485B11A}.Debug|x86.ActiveCfg = Debug|Any CPU
		{EF90724B-3893-4ACF-BFEE-88532485B11A}.Debug|x86.Build.0 = Debug|Any CPU
		{EF90724B-3893-4ACF-BFEE-88532485B11A}.Release|Any CPU.ActiveCfg = Release|Any CPU
		{EF90724B-3893-4ACF-BFEE-88532485B11A}.Release|Any CPU.Build.0 = Release|Any CPU
		{EF90724B-3893-4ACF-BFEE-88532485B11A}.Release|Mixed Platforms.ActiveCfg = Release|Any CPU
		{EF90724B-3893-4ACF-BFEE-88532485B11A}.Release|Mixed Platforms.Build.0 = Release|Any CPU
		{EF90724B-3893-4ACF-BFEE-88532485B11A}.Release|Win32.ActiveCfg = Release|x86
		{EF90724B-3893-4ACF-BFEE-88532485B11A}.Release|Win32.Build.0 = Release|x86
		{EF90724B-3893-4ACF-BFEE-88532485B11A}.Release|x64.ActiveCfg = Release|x64
		{EF90724B-3893-4ACF-BFEE-88532485B11A}.Release|x64.Build.0 = Release|x64
		{EF90724B-3893-4ACF-BFEE-88532485B11A}.Release|x86.ActiveCfg = Release|x86
		{EF90724B-3893-4ACF-BFEE-88532485B11A}.Release|x86.Build.0 = Release|x86
		{8BFB50C4-51E7-4DA4-873B-B79F123A9723}.Debug|Any CPU.ActiveCfg = Debug|Win32
		{8BFB50C4-51E7-4DA4-873B-B79F123A9723}.Debug|Any CPU.Build.0 = Debug|Win32
		{8BFB50C4-51E7-4DA4-873B-B79F123A9723}.Debug|Mixed Platforms.ActiveCfg = Debug|Win32
		{8BFB50C4-51E7-4DA4-873B-B79F123A9723}.Debug|Mixed Platforms.Build.0 = Debug|Win32
		{8BFB50C4-51E7-4DA4-873B-B79F123A9723}.Debug|Win32.ActiveCfg = Debug|Win32
		{8BFB50C4-51E7-4DA4-873B-B79F123A9723}.Debug|Win32.Build.0 = Debug|Win32
		{8BFB50C4-51E7-4DA4-873B-B79F123A9723}.Debug|x64.ActiveCfg = Debug|Win32
		{8BFB50C4-51E7-4DA4-873B-B79F123A9723}.Debug|x64.Build.0 = Debug|Win32
		{8BFB50C4-51E7-4DA4-873B-B79F123A9723}.Debug|x86.ActiveCfg = Debug|Win32
		{8BFB50C4-51E7-4DA4-873B-B79F123A9723}.Debug|x86.Build.0 = Debug|Win32
		{8BFB50C4-51E7-4DA4-873B-B79F123A9723}.Release|Any CPU.ActiveCfg = Release|Win32
		{8BFB50C4-51E7-4DA4-873B-B79F123A9723}.Release|Any CPU.Build.0 = Release|Win32
		{8BFB50C4-51E7-4DA4-873B-B79F123A9723}.Release|Mixed Platforms.ActiveCfg = Release|Win32
		{8BFB50C4-51E7-4DA4-873B-B79F123A9723}.Release|Mixed Platforms.Build.0 = Release|Win32
		{8BFB50C4-51E7-4DA4-873B-B79F123A9723}.Release|Win32.ActiveCfg = Release|Win32
		{8BFB50C4-51E7-4DA4-873B-B79F123A9723}.Release|Win32.Build.0 = Release|Win32
		{8BFB50C4-51E7-4DA4-873B-B79F123A9723}.Release|x64.ActiveCfg = Release|Win32
		{8BFB50C4-51E7-4DA4-873B-B79F123A9723}.Release|x64.Build.0 = Release|Win32
		{8BFB50C4-51E7-4DA4-873B-B79F123A9723}.Release|x86.ActiveCfg = Release|Win32
		{8BFB50C4-51E7-4DA4-873B-B79F123A9723}.Release|x86.Build.0 = Release|Win32
		{81752B54-1391-44CB-A1F5-ECCF7279DB71}.Debug|Any CPU.ActiveCfg = Debug|Any CPU
		{81752B54-1391-44CB-A1F5-ECCF7279DB71}.Debug|Any CPU.Build.0 = Debug|Any CPU
		{81752B54-1391-44CB-A1F5-ECCF7279DB71}.Debug|Mixed Platforms.ActiveCfg = Debug|Any CPU
		{81752B54-1391-44CB-A1F5-ECCF7279DB71}.Debug|Mixed Platforms.Build.0 = Debug|Any CPU
		{81752B54-1391-44CB-A1F5-ECCF7279DB71}.Debug|Win32.ActiveCfg = Debug|Any CPU
		{81752B54-1391-44CB-A1F5-ECCF7279DB71}.Debug|Win32.Build.0 = Debug|Any CPU
		{81752B54-1391-44CB-A1F5-ECCF7279DB71}.Debug|x64.ActiveCfg = Debug|Any CPU
		{81752B54-1391-44CB-A1F5-ECCF7279DB71}.Debug|x64.Build.0 = Debug|Any CPU
		{81752B54-1391-44CB-A1F5-ECCF7279DB71}.Debug|x86.ActiveCfg = Debug|Any CPU
		{81752B54-1391-44CB-A1F5-ECCF7279DB71}.Debug|x86.Build.0 = Debug|Any CPU
		{81752B54-1391-44CB-A1F5-ECCF7279DB71}.Release|Any CPU.ActiveCfg = Release|Any CPU
		{81752B54-1391-44CB-A1F5-ECCF7279DB71}.Release|Any CPU.Build.0 = Release|Any CPU
		{81752B54-1391-44CB-A1F5-ECCF7279DB71}.Release|Mixed Platforms.ActiveCfg = Release|Any CPU
		{81752B54-1391-44CB-A1F5-ECCF7279DB71}.Release|Mixed Platforms.Build.0 = Release|Any CPU
		{81752B54-1391-44CB-A1F5-ECCF7279DB71}.Release|Win32.ActiveCfg = Release|x86
		{81752B54-1391-44CB-A1F5-ECCF7279DB71}.Release|Win32.Build.0 = Release|x86
		{81752B54-1391-44CB-A1F5-ECCF7279DB71}.Release|x64.ActiveCfg = Release|x64
		{81752B54-1391-44CB-A1F5-ECCF7279DB71}.Release|x64.Build.0 = Release|x64
		{81752B54-1391-44CB-A1F5-ECCF7279DB71}.Release|x86.ActiveCfg = Release|x86
		{81752B54-1391-44CB-A1F5-ECCF7279DB71}.Release|x86.Build.0 = Release|x86
		{C6ABB6D8-97A2-4ECF-889F-823E891D798B}.Debug|Any CPU.ActiveCfg = Debug|x64
		{C6ABB6D8-97A2-4ECF-889F-823E891D798B}.Debug|Any CPU.Build.0 = Debug|x64
		{C6ABB6D8-97A2-4ECF-889F-823E891D798B}.Debug|Mixed Platforms.ActiveCfg = Debug|x64
		{C6ABB6D8-97A2-4ECF-889F-823E891D798B}.Debug|Mixed Platforms.Build.0 = Debug|x64
		{C6ABB6D8-97A2-4ECF-889F-823E891D798B}.Debug|Win32.ActiveCfg = Debug|x64
		{C6ABB6D8-97A2-4ECF-889F-823E891D798B}.Debug|Win32.Build.0 = Debug|x64
		{C6ABB6D8-97A2-4ECF-889F-823E891D798B}.Debug|x64.ActiveCfg = Debug|x64
		{C6ABB6D8-97A2-4ECF-889F-823E891D798B}.Debug|x64.Build.0 = Debug|x64
		{C6ABB6D8-97A2-4ECF-889F-823E891D798B}.Debug|x86.ActiveCfg = Debug|x64
		{C6ABB6D8-97A2-4ECF-889F-823E891D798B}.Debug|x86.Build.0 = Debug|x64
		{C6ABB6D8-97A2-4ECF-889F-823E891D798B}.Release|Any CPU.ActiveCfg = Release|x64
		{C6ABB6D8-97A2-4ECF-889F-823E891D798B}.Release|Any CPU.Build.0 = Release|x64
		{C6ABB6D8-97A2-4ECF-889F-823E891D798B}.Release|Mixed Platforms.ActiveCfg = Release|x64
		{C6ABB6D8-97A2-4ECF-889F-823E891D798B}.Release|Mixed Platforms.Build.0 = Release|x64
		{C6ABB6D8-97A2-4ECF-889F-823E891D798B}.Release|Win32.ActiveCfg = Release|x64
		{C6ABB6D8-97A2-4ECF-889F-823E891D798B}.Release|Win32.Build.0 = Release|x64
		{C6ABB6D8-97A2-4ECF-889F-823E891D798B}.Release|x64.ActiveCfg = Release|x64
		{C6ABB6D8-97A2-4ECF-889F-823E891D798B}.Release|x64.Build.0 = Release|x64
		{C6ABB6D8-97A2-4ECF-889F-823E891D798B}.Release|x86.ActiveCfg = Release|x64
		{C6ABB6D8-97A2-4ECF-889F-823E891D798B}.Release|x86.Build.0 = Release|x64
		{0B7EC0CC-5AD6-47CA-9FE1-37E612FFE25D}.Debug|Any CPU.ActiveCfg = Debug|x64
		{0B7EC0CC-5AD6-47CA-9FE1-37E612FFE25D}.Debug|Any CPU.Build.0 = Debug|x64
		{0B7EC0CC-5AD6-47CA-9FE1-37E612FFE25D}.Debug|Mixed Platforms.ActiveCfg = Debug|x64
		{0B7EC0CC-5AD6-47CA-9FE1-37E612FFE25D}.Debug|Mixed Platforms.Build.0 = Debug|x64
		{0B7EC0CC-5AD6-47CA-9FE1-37E612FFE25D}.Debug|Win32.ActiveCfg = Debug|x64
		{0B7EC0CC-5AD6-47CA-9FE1-37E612FFE25D}.Debug|Win32.Build.0 = Debug|x64
		{0B7EC0CC-5AD6-47CA-9FE1-37E612FFE25D}.Debug|x64.ActiveCfg = Debug|x64
		{0B7EC0CC-5AD6-47CA-9FE1-37E612FFE25D}.Debug|x64.Build.0 = Debug|x64
		{0B7EC0CC-5AD6-47CA-9FE1-37E612FFE25D}.Debug|x86.ActiveCfg = Debug|x64
		{0B7EC0CC-5AD6-47CA-9FE1-37E612FFE25D}.Debug|x86.Build.0 = Debug|x64
		{0B7EC0CC-5AD6-47CA-9FE1-37E612FFE25D}.Release|Any CPU.ActiveCfg = Release|x64
		{0B7EC0CC-5AD6-47CA-9FE1-37E612FFE25D}.Release|Any CPU.Build.0 = Release|x64
		{0B7EC0CC-5AD6-47CA-9FE1-37E612FFE25D}.Release|Mixed Platforms.ActiveCfg = Release|x64
		{0B7EC0CC-5AD6-47CA-9FE1-37E612FFE25D}.Release|Mixed Platforms.Build.0 = Release|x64
		{0B7EC0CC-5AD6-47CA-9FE1-37E612FFE25D}.Release|Win32.ActiveCfg = Release|x64
		{0B7EC0CC-5AD6-47CA-9FE1-37E612FFE25D}.Release|Win32.Build.0 = Release|x64
		{0B7EC0CC-5AD6-47CA-9FE1-37E612FFE25D}.Release|x64.ActiveCfg = Release|x64
		{0B7EC0CC-5AD6-47CA-9FE1-37E612FFE25D}.Release|x64.Build.0 = Release|x64
		{0B7EC0CC-5AD6-47CA-9FE1-37E612FFE25D}.Release|x86.ActiveCfg = Release|x64
		{0B7EC0CC-5AD6-47CA-9FE1-37E612FFE25D}.Release|x86.Build.0 = Release|x64
		{BAEB5060-C5E5-4EC9-BB9D-30400835CF39}.Debug|Any CPU.ActiveCfg = Debug|x86
		{BAEB5060-C5E5-4EC9-BB9D-30400835CF39}.Debug|Any CPU.Build.0 = Debug|x86
		{BAEB5060-C5E5-4EC9-BB9D-30400835CF39}.Debug|Mixed Platforms.ActiveCfg = Debug|x86
		{BAEB5060-C5E5-4EC9-BB9D-30400835CF39}.Debug|Mixed Platforms.Build.0 = Debug|x86
		{BAEB5060-C5E5-4EC9-BB9D-30400835CF39}.Debug|Win32.ActiveCfg = Debug|x86
		{BAEB5060-C5E5-4EC9-BB9D-30400835CF39}.Debug|Win32.Build.0 = Debug|x86
		{BAEB5060-C5E5-4EC9-BB9D-30400835CF39}.Debug|x64.ActiveCfg = Debug|x86
		{BAEB5060-C5E5-4EC9-BB9D-30400835CF39}.Debug|x64.Build.0 = Debug|x86
		{BAEB5060-C5E5-4EC9-BB9D-30400835CF39}.Debug|x86.ActiveCfg = Debug|x86
		{BAEB5060-C5E5-4EC9-BB9D-30400835CF39}.Debug|x86.Build.0 = Debug|x86
		{BAEB5060-C5E5-4EC9-BB9D-30400835CF39}.Release|Any CPU.ActiveCfg = Release|x86
		{BAEB5060-C5E5-4EC9-BB9D-30400835CF39}.Release|Any CPU.Build.0 = Release|x86
		{BAEB5060-C5E5-4EC9-BB9D-30400835CF39}.Release|Mixed Platforms.ActiveCfg = Release|x86
		{BAEB5060-C5E5-4EC9-BB9D-30400835CF39}.Release|Mixed Platforms.Build.0 = Release|x86
		{BAEB5060-C5E5-4EC9-BB9D-30400835CF39}.Release|Win32.ActiveCfg = Release|x86
		{BAEB5060-C5E5-4EC9-BB9D-30400835CF39}.Release|Win32.Build.0 = Release|x86
		{BAEB5060-C5E5-4EC9-BB9D-30400835CF39}.Release|x64.ActiveCfg = Release|x86
		{BAEB5060-C5E5-4EC9-BB9D-30400835CF39}.Release|x64.Build.0 = Release|x86
		{BAEB5060-C5E5-4EC9-BB9D-30400835CF39}.Release|x86.ActiveCfg = Release|x86
		{BAEB5060-C5E5-4EC9-BB9D-30400835CF39}.Release|x86.Build.0 = Release|x86
		{11A56A52-DC70-41E2-8607-3993B9836AAB}.Debug|Any CPU.ActiveCfg = Debug|Any CPU
		{11A56A52-DC70-41E2-8607-3993B9836AAB}.Debug|Any CPU.Build.0 = Debug|Any CPU
		{11A56A52-DC70-41E2-8607-3993B9836AAB}.Debug|Mixed Platforms.ActiveCfg = Debug|Any CPU
		{11A56A52-DC70-41E2-8607-3993B9836AAB}.Debug|Mixed Platforms.Build.0 = Debug|Any CPU
		{11A56A52-DC70-41E2-8607-3993B9836AAB}.Debug|Win32.ActiveCfg = Debug|Any CPU
		{11A56A52-DC70-41E2-8607-3993B9836AAB}.Debug|x64.ActiveCfg = Debug|Any CPU
		{11A56A52-DC70-41E2-8607-3993B9836AAB}.Debug|x86.ActiveCfg = Debug|Any CPU
		{11A56A52-DC70-41E2-8607-3993B9836AAB}.Release|Any CPU.ActiveCfg = Release|Any CPU
		{11A56A52-DC70-41E2-8607-3993B9836AAB}.Release|Any CPU.Build.0 = Release|Any CPU
		{11A56A52-DC70-41E2-8607-3993B9836AAB}.Release|Mixed Platforms.ActiveCfg = Release|Any CPU
		{11A56A52-DC70-41E2-8607-3993B9836AAB}.Release|Mixed Platforms.Build.0 = Release|Any CPU
		{11A56A52-DC70-41E2-8607-3993B9836AAB}.Release|Win32.ActiveCfg = Release|Any CPU
		{11A56A52-DC70-41E2-8607-3993B9836AAB}.Release|x64.ActiveCfg = Release|Any CPU
		{11A56A52-DC70-41E2-8607-3993B9836AAB}.Release|x86.ActiveCfg = Release|Any CPU
		{A5F5584E-F9A5-49A1-A068-F3452E8926DE}.Debug|Any CPU.ActiveCfg = Debug|Any CPU
		{A5F5584E-F9A5-49A1-A068-F3452E8926DE}.Debug|Any CPU.Build.0 = Debug|Any CPU
		{A5F5584E-F9A5-49A1-A068-F3452E8926DE}.Debug|Mixed Platforms.ActiveCfg = Debug|Any CPU
		{A5F5584E-F9A5-49A1-A068-F3452E8926DE}.Debug|Mixed Platforms.Build.0 = Debug|Any CPU
		{A5F5584E-F9A5-49A1-A068-F3452E8926DE}.Debug|Win32.ActiveCfg = Debug|Any CPU
		{A5F5584E-F9A5-49A1-A068-F3452E8926DE}.Debug|x64.ActiveCfg = Debug|Any CPU
		{A5F5584E-F9A5-49A1-A068-F3452E8926DE}.Debug|x86.ActiveCfg = Debug|Any CPU
		{A5F5584E-F9A5-49A1-A068-F3452E8926DE}.Release|Any CPU.ActiveCfg = Release|Any CPU
		{A5F5584E-F9A5-49A1-A068-F3452E8926DE}.Release|Any CPU.Build.0 = Release|Any CPU
		{A5F5584E-F9A5-49A1-A068-F3452E8926DE}.Release|Any CPU.Deploy.0 = Release|Any CPU
		{A5F5584E-F9A5-49A1-A068-F3452E8926DE}.Release|Mixed Platforms.ActiveCfg = Release|Any CPU
		{A5F5584E-F9A5-49A1-A068-F3452E8926DE}.Release|Mixed Platforms.Build.0 = Release|Any CPU
		{A5F5584E-F9A5-49A1-A068-F3452E8926DE}.Release|Win32.ActiveCfg = Release|Any CPU
		{A5F5584E-F9A5-49A1-A068-F3452E8926DE}.Release|x64.ActiveCfg = Release|Any CPU
		{A5F5584E-F9A5-49A1-A068-F3452E8926DE}.Release|x86.ActiveCfg = Release|Any CPU
	EndGlobalSection
	GlobalSection(SolutionProperties) = preSolution
		HideSolutionNode = FALSE
	EndGlobalSection
	GlobalSection(NestedProjects) = preSolution
		{33E19C30-D103-45B3-8A89-5986F195F605} = {E1EE6B1C-CBBE-48C8-AD7F-2F402EF9C32D}
		{8D612C41-7D95-499C-A82D-C5C3C82225B3} = {4CC56C49-DA3A-444E-B051-D1ECC8B51D7D}
		{EF90724B-3893-4ACF-BFEE-88532485B11A} = {4CC56C49-DA3A-444E-B051-D1ECC8B51D7D}
		{8BFB50C4-51E7-4DA4-873B-B79F123A9723} = {4CC56C49-DA3A-444E-B051-D1ECC8B51D7D}
		{81752B54-1391-44CB-A1F5-ECCF7279DB71} = {4CC56C49-DA3A-444E-B051-D1ECC8B51D7D}
		{C6ABB6D8-97A2-4ECF-889F-823E891D798B} = {4CC56C49-DA3A-444E-B051-D1ECC8B51D7D}
		{0B7EC0CC-5AD6-47CA-9FE1-37E612FFE25D} = {4CC56C49-DA3A-444E-B051-D1ECC8B51D7D}
		{BAEB5060-C5E5-4EC9-BB9D-30400835CF39} = {4CC56C49-DA3A-444E-B051-D1ECC8B51D7D}
		{11A56A52-DC70-41E2-8607-3993B9836AAB} = {5123B905-C896-4A1D-BA0E-0C31694E8179}
		{A5F5584E-F9A5-49A1-A068-F3452E8926DE} = {5123B905-C896-4A1D-BA0E-0C31694E8179}
		{5123B905-C896-4A1D-BA0E-0C31694E8179} = {677064CB-0ED0-4758-AEEF-73CEEFD3030B}
		{E1EE6B1C-CBBE-48C8-AD7F-2F402EF9C32D} = {677064CB-0ED0-4758-AEEF-73CEEFD3030B}
	EndGlobalSection
	GlobalSection(ExtensibilityGlobals) = postSolution
		SolutionGuid = {9B5AE854-458B-4EFA-BFE9-B5BF91970AB1}
	EndGlobalSection
EndGlobal
