
Microsoft Visual Studio Solution File, Format Version 12.00
# Visual Studio 2012
Project("{FAE04EC0-301F-11D3-BF4B-00C04F79EFBC}") = "V8.Net", "V8.Net\V8.Net.MonoDevelop.csproj", "{C898E990-54EB-40AC-9408-E416A838EC77}"
EndProject
Project("{FAE04EC0-301F-11D3-BF4B-00C04F79EFBC}") = "V8.Net-ProxyInterface", "V8.Net-ProxyInterface\V8.Net-ProxyInterface.MonoDevelop.csproj", "{355737A7-E486-4D4C-AA5B-DE432C23AEEE}"
EndProject
Project("{FAE04EC0-301F-11D3-BF4B-00C04F79EFBC}") = "V8.Net-SharedTypes", "V8.Net-SharedTypes\V8.Net-SharedTypes.MonoDevelop.csproj", "{2155327D-386A-4F80-81FB-918A4442C834}"
EndProject
Global
	GlobalSection(SolutionConfigurationPlatforms) = preSolution
		Debug|x86 = Debug|x86
		Release|x86 = Release|x86
	EndGlobalSection
	GlobalSection(ProjectConfigurationPlatforms) = postSolution
		{2155327D-386A-4F80-81FB-918A4442C834}.Debug|x86.ActiveCfg = Debug|Any CPU
		{2155327D-386A-4F80-81FB-918A4442C834}.Debug|x86.Build.0 = Debug|Any CPU
		{2155327D-386A-4F80-81FB-918A4442C834}.Release|x86.ActiveCfg = Release|Any CPU
		{2155327D-386A-4F80-81FB-918A4442C834}.Release|x86.Build.0 = Release|Any CPU
		{355737A7-E486-4D4C-AA5B-DE432C23AEEE}.Debug|x86.ActiveCfg = Debug|Any CPU
		{355737A7-E486-4D4C-AA5B-DE432C23AEEE}.Debug|x86.Build.0 = Debug|Any CPU
		{355737A7-E486-4D4C-AA5B-DE432C23AEEE}.Release|x86.ActiveCfg = Release|Any CPU
		{355737A7-E486-4D4C-AA5B-DE432C23AEEE}.Release|x86.Build.0 = Release|Any CPU
		{C898E990-54EB-40AC-9408-E416A838EC77}.Debug|x86.ActiveCfg = Debug|Any CPU
		{C898E990-54EB-40AC-9408-E416A838EC77}.Debug|x86.Build.0 = Debug|Any CPU
		{C898E990-54EB-40AC-9408-E416A838EC77}.Release|x86.ActiveCfg = Release|Any CPU
		{C898E990-54EB-40AC-9408-E416A838EC77}.Release|x86.Build.0 = Release|Any CPU
	EndGlobalSection
	GlobalSection(MonoDevelopProperties) = preSolution
		StartupItem = V8.Net\V8.Net.csproj
	EndGlobalSection
EndGlobal
